
Microsoft Visual Studio Solution File, Format Version 12.00
# Visual Studio Version 16
VisualStudioVersion = 16.0.29728.190
MinimumVisualStudioVersion = 10.0.40219.1
Project("{FAE04EC0-301F-11D3-BF4B-00C04F79EFBC}") = "AufaCalc", "AufaCalc\AufaCalc.csproj", "{35EDAAC3-128E-4A18-99CF-0E914DCD368B}"
EndProject
Global
	GlobalSection(SolutionConfigurationPlatforms) = preSolution
		Debug|Any CPU = Debug|Any CPU
		Release|Any CPU = Release|Any CPU
	EndGlobalSection
	GlobalSection(ProjectConfigurationPlatforms) = postSolution
		{35EDAAC3-128E-4A18-99CF-0E914DCD368B}.Debug|Any CPU.ActiveCfg = Debug|Any CPU
		{35EDAAC3-128E-4A18-99CF-0E914DCD368B}.Debug|Any CPU.Build.0 = Debug|Any CPU
		{35EDAAC3-128E-4A18-99CF-0E914DCD368B}.Release|Any CPU.ActiveCfg = Release|Any CPU
		{35EDAAC3-128E-4A18-99CF-0E914DCD368B}.Release|Any CPU.Build.0 = Release|Any CPU
	EndGlobalSection
	GlobalSection(SolutionProperties) = preSolution
		HideSolutionNode = FALSE
	EndGlobalSection
	GlobalSection(ExtensibilityGlobals) = postSolution
		SolutionGuid = {B9A8C26C-5E2C-40B2-AB50-B7CCCF71C8B7}
	EndGlobalSection
EndGlobal
